// !$*UTF8*$!
{
	archiveVersion = 1;
	classes = {
	};
	objectVersion = 50;
	objects = {

/* Begin PBXBuildFile section */
		771AAA56225A17F100CD100E /* AppDelegate.swift in Sources */ = {isa = PBXBuildFile; fileRef = 771AAA55225A17F100CD100E /* AppDelegate.swift */; };
		771AAA5B225A17F100CD100E /* Main.storyboard in Resources */ = {isa = PBXBuildFile; fileRef = 771AAA59225A17F100CD100E /* Main.storyboard */; };
		771AAA5D225A17F200CD100E /* Assets.xcassets in Resources */ = {isa = PBXBuildFile; fileRef = 771AAA5C225A17F200CD100E /* Assets.xcassets */; };
		771AAA60225A17F200CD100E /* LaunchScreen.storyboard in Resources */ = {isa = PBXBuildFile; fileRef = 771AAA5E225A17F200CD100E /* LaunchScreen.storyboard */; };
		771AAA6B225A17F200CD100E /* EmptyTabsTests.swift in Sources */ = {isa = PBXBuildFile; fileRef = 771AAA6A225A17F200CD100E /* EmptyTabsTests.swift */; };
		771AAA76225A17F200CD100E /* EmptyTabsUITests.swift in Sources */ = {isa = PBXBuildFile; fileRef = 771AAA75225A17F200CD100E /* EmptyTabsUITests.swift */; };
		771AAA84225A1B1100CD100E /* FeedViewController.swift in Sources */ = {isa = PBXBuildFile; fileRef = 771AAA83225A1B1100CD100E /* FeedViewController.swift */; };
		771AAA86225A1B1F00CD100E /* InboxViewController.swift in Sources */ = {isa = PBXBuildFile; fileRef = 771AAA85225A1B1F00CD100E /* InboxViewController.swift */; };
		771AAA89225A1B6B00CD100E /* EmptyTab.storyboard in Resources */ = {isa = PBXBuildFile; fileRef = 771AAA88225A1B6B00CD100E /* EmptyTab.storyboard */; };
		771AAA8B225A1B9700CD100E /* EmptyTabViewController.swift in Sources */ = {isa = PBXBuildFile; fileRef = 771AAA8A225A1B9700CD100E /* EmptyTabViewController.swift */; };
/* End PBXBuildFile section */

/* Begin PBXContainerItemProxy section */
		771AAA67225A17F200CD100E /* PBXContainerItemProxy */ = {
			isa = PBXContainerItemProxy;
			containerPortal = 771AAA4A225A17F100CD100E /* Project object */;
			proxyType = 1;
			remoteGlobalIDString = 771AAA51225A17F100CD100E;
			remoteInfo = EmptyTabs;
		};
		771AAA72225A17F200CD100E /* PBXContainerItemProxy */ = {
			isa = PBXContainerItemProxy;
			containerPortal = 771AAA4A225A17F100CD100E /* Project object */;
			proxyType = 1;
			remoteGlobalIDString = 771AAA51225A17F100CD100E;
			remoteInfo = EmptyTabs;
		};
/* End PBXContainerItemProxy section */

/* Begin PBXFileReference section */
		771AAA52225A17F100CD100E /* EmptyTabs.app */ = {isa = PBXFileReference; explicitFileType = wrapper.application; includeInIndex = 0; path = EmptyTabs.app; sourceTree = BUILT_PRODUCTS_DIR; };
		771AAA55225A17F100CD100E /* AppDelegate.swift */ = {isa = PBXFileReference; lastKnownFileType = sourcecode.swift; path = AppDelegate.swift; sourceTree = "<group>"; };
		771AAA5A225A17F100CD100E /* Base */ = {isa = PBXFileReference; lastKnownFileType = file.storyboard; name = Base; path = Base.lproj/Main.storyboard; sourceTree = "<group>"; };
		771AAA5C225A17F200CD100E /* Assets.xcassets */ = {isa = PBXFileReference; lastKnownFileType = folder.assetcatalog; path = Assets.xcassets; sourceTree = "<group>"; };
		771AAA5F225A17F200CD100E /* Base */ = {isa = PBXFileReference; lastKnownFileType = file.storyboard; name = Base; path = Base.lproj/LaunchScreen.storyboard; sourceTree = "<group>"; };
		771AAA61225A17F200CD100E /* Info.plist */ = {isa = PBXFileReference; lastKnownFileType = text.plist.xml; path = Info.plist; sourceTree = "<group>"; };
		771AAA66225A17F200CD100E /* EmptyTabsTests.xctest */ = {isa = PBXFileReference; explicitFileType = wrapper.cfbundle; includeInIndex = 0; path = EmptyTabsTests.xctest; sourceTree = BUILT_PRODUCTS_DIR; };
		771AAA6A225A17F200CD100E /* EmptyTabsTests.swift */ = {isa = PBXFileReference; lastKnownFileType = sourcecode.swift; path = EmptyTabsTests.swift; sourceTree = "<group>"; };
		771AAA6C225A17F200CD100E /* Info.plist */ = {isa = PBXFileReference; lastKnownFileType = text.plist.xml; path = Info.plist; sourceTree = "<group>"; };
		771AAA71225A17F200CD100E /* EmptyTabsUITests.xctest */ = {isa = PBXFileReference; explicitFileType = wrapper.cfbundle; includeInIndex = 0; path = EmptyTabsUITests.xctest; sourceTree = BUILT_PRODUCTS_DIR; };
		771AAA75225A17F200CD100E /* EmptyTabsUITests.swift */ = {isa = PBXFileReference; lastKnownFileType = sourcecode.swift; path = EmptyTabsUITests.swift; sourceTree = "<group>"; };
		771AAA77225A17F200CD100E /* Info.plist */ = {isa = PBXFileReference; lastKnownFileType = text.plist.xml; path = Info.plist; sourceTree = "<group>"; };
		771AAA83225A1B1100CD100E /* FeedViewController.swift */ = {isa = PBXFileReference; lastKnownFileType = sourcecode.swift; path = FeedViewController.swift; sourceTree = "<group>"; };
		771AAA85225A1B1F00CD100E /* InboxViewController.swift */ = {isa = PBXFileReference; lastKnownFileType = sourcecode.swift; path = InboxViewController.swift; sourceTree = "<group>"; };
		771AAA88225A1B6B00CD100E /* EmptyTab.storyboard */ = {isa = PBXFileReference; lastKnownFileType = file.storyboard; path = EmptyTab.storyboard; sourceTree = "<group>"; };
		771AAA8A225A1B9700CD100E /* EmptyTabViewController.swift */ = {isa = PBXFileReference; lastKnownFileType = sourcecode.swift; path = EmptyTabViewController.swift; sourceTree = "<group>"; };
/* End PBXFileReference section */

/* Begin PBXFrameworksBuildPhase section */
		771AAA4F225A17F100CD100E /* Frameworks */ = {
			isa = PBXFrameworksBuildPhase;
			buildActionMask = 2147483647;
			files = (
			);
			runOnlyForDeploymentPostprocessing = 0;
		};
		771AAA63225A17F200CD100E /* Frameworks */ = {
			isa = PBXFrameworksBuildPhase;
			buildActionMask = 2147483647;
			files = (
			);
			runOnlyForDeploymentPostprocessing = 0;
		};
		771AAA6E225A17F200CD100E /* Frameworks */ = {
			isa = PBXFrameworksBuildPhase;
			buildActionMask = 2147483647;
			files = (
			);
			runOnlyForDeploymentPostprocessing = 0;
		};
/* End PBXFrameworksBuildPhase section */

/* Begin PBXGroup section */
		771AAA49225A17F100CD100E = {
			isa = PBXGroup;
			children = (
				771AAA54225A17F100CD100E /* EmptyTabs */,
				771AAA69225A17F200CD100E /* EmptyTabsTests */,
				771AAA74225A17F200CD100E /* EmptyTabsUITests */,
				771AAA53225A17F100CD100E /* Products */,
			);
			sourceTree = "<group>";
		};
		771AAA53225A17F100CD100E /* Products */ = {
			isa = PBXGroup;
			children = (
				771AAA52225A17F100CD100E /* EmptyTabs.app */,
				771AAA66225A17F200CD100E /* EmptyTabsTests.xctest */,
				771AAA71225A17F200CD100E /* EmptyTabsUITests.xctest */,
			);
			name = Products;
			sourceTree = "<group>";
		};
		771AAA54225A17F100CD100E /* EmptyTabs */ = {
			isa = PBXGroup;
			children = (
				771AAA55225A17F100CD100E /* AppDelegate.swift */,
				771AAA83225A1B1100CD100E /* FeedViewController.swift */,
				771AAA85225A1B1F00CD100E /* InboxViewController.swift */,
				771AAA87225A1B4A00CD100E /* EmptyTabView */,
				771AAA59225A17F100CD100E /* Main.storyboard */,
				771AAA5C225A17F200CD100E /* Assets.xcassets */,
				771AAA5E225A17F200CD100E /* LaunchScreen.storyboard */,
				771AAA61225A17F200CD100E /* Info.plist */,
			);
			path = EmptyTabs;
			sourceTree = "<group>";
		};
		771AAA69225A17F200CD100E /* EmptyTabsTests */ = {
			isa = PBXGroup;
			children = (
				771AAA6A225A17F200CD100E /* EmptyTabsTests.swift */,
				771AAA6C225A17F200CD100E /* Info.plist */,
			);
			path = EmptyTabsTests;
			sourceTree = "<group>";
		};
		771AAA74225A17F200CD100E /* EmptyTabsUITests */ = {
			isa = PBXGroup;
			children = (
				771AAA75225A17F200CD100E /* EmptyTabsUITests.swift */,
				771AAA77225A17F200CD100E /* Info.plist */,
			);
			path = EmptyTabsUITests;
			sourceTree = "<group>";
		};
		771AAA87225A1B4A00CD100E /* EmptyTabView */ = {
			isa = PBXGroup;
			children = (
				771AAA88225A1B6B00CD100E /* EmptyTab.storyboard */,
				771AAA8A225A1B9700CD100E /* EmptyTabViewController.swift */,
			);
			path = EmptyTabView;
			sourceTree = "<group>";
		};
/* End PBXGroup section */

/* Begin PBXNativeTarget section */
		771AAA51225A17F100CD100E /* EmptyTabs */ = {
			isa = PBXNativeTarget;
			buildConfigurationList = 771AAA7A225A17F200CD100E /* Build configuration list for PBXNativeTarget "EmptyTabs" */;
			buildPhases = (
				771AAA4E225A17F100CD100E /* Sources */,
				771AAA4F225A17F100CD100E /* Frameworks */,
				771AAA50225A17F100CD100E /* Resources */,
			);
			buildRules = (
			);
			dependencies = (
			);
			name = EmptyTabs;
			productName = EmptyTabs;
			productReference = 771AAA52225A17F100CD100E /* EmptyTabs.app */;
			productType = "com.apple.product-type.application";
		};
		771AAA65225A17F200CD100E /* EmptyTabsTests */ = {
			isa = PBXNativeTarget;
			buildConfigurationList = 771AAA7D225A17F200CD100E /* Build configuration list for PBXNativeTarget "EmptyTabsTests" */;
			buildPhases = (
				771AAA62225A17F200CD100E /* Sources */,
				771AAA63225A17F200CD100E /* Frameworks */,
				771AAA64225A17F200CD100E /* Resources */,
			);
			buildRules = (
			);
			dependencies = (
				771AAA68225A17F200CD100E /* PBXTargetDependency */,
			);
			name = EmptyTabsTests;
			productName = EmptyTabsTests;
			productReference = 771AAA66225A17F200CD100E /* EmptyTabsTests.xctest */;
			productType = "com.apple.product-type.bundle.unit-test";
		};
		771AAA70225A17F200CD100E /* EmptyTabsUITests */ = {
			isa = PBXNativeTarget;
			buildConfigurationList = 771AAA80225A17F200CD100E /* Build configuration list for PBXNativeTarget "EmptyTabsUITests" */;
			buildPhases = (
				771AAA6D225A17F200CD100E /* Sources */,
				771AAA6E225A17F200CD100E /* Frameworks */,
				771AAA6F225A17F200CD100E /* Resources */,
			);
			buildRules = (
			);
			dependencies = (
				771AAA73225A17F200CD100E /* PBXTargetDependency */,
			);
			name = EmptyTabsUITests;
			productName = EmptyTabsUITests;
			productReference = 771AAA71225A17F200CD100E /* EmptyTabsUITests.xctest */;
			productType = "com.apple.product-type.bundle.ui-testing";
		};
/* End PBXNativeTarget section */

/* Begin PBXProject section */
		771AAA4A225A17F100CD100E /* Project object */ = {
			isa = PBXProject;
			attributes = {
				LastSwiftUpdateCheck = 1020;
				LastUpgradeCheck = 1020;
				ORGANIZATIONNAME = "Manu Singh";
				TargetAttributes = {
					771AAA51225A17F100CD100E = {
						CreatedOnToolsVersion = 10.2;
					};
					771AAA65225A17F200CD100E = {
						CreatedOnToolsVersion = 10.2;
						TestTargetID = 771AAA51225A17F100CD100E;
					};
					771AAA70225A17F200CD100E = {
						CreatedOnToolsVersion = 10.2;
						TestTargetID = 771AAA51225A17F100CD100E;
					};
				};
			};
			buildConfigurationList = 771AAA4D225A17F100CD100E /* Build configuration list for PBXProject "EmptyTabs" */;
			compatibilityVersion = "Xcode 9.3";
			developmentRegion = en;
			hasScannedForEncodings = 0;
			knownRegions = (
				en,
				Base,
			);
			mainGroup = 771AAA49225A17F100CD100E;
			productRefGroup = 771AAA53225A17F100CD100E /* Products */;
			projectDirPath = "";
			projectRoot = "";
			targets = (
				771AAA51225A17F100CD100E /* EmptyTabs */,
				771AAA65225A17F200CD100E /* EmptyTabsTests */,
				771AAA70225A17F200CD100E /* EmptyTabsUITests */,
			);
		};
/* End PBXProject section */

/* Begin PBXResourcesBuildPhase section */
		771AAA50225A17F100CD100E /* Resources */ = {
			isa = PBXResourcesBuildPhase;
			buildActionMask = 2147483647;
			files = (
				771AAA89225A1B6B00CD100E /* EmptyTab.storyboard in Resources */,
				771AAA60225A17F200CD100E /* LaunchScreen.storyboard in Resources */,
				771AAA5D225A17F200CD100E /* Assets.xcassets in Resources */,
				771AAA5B225A17F100CD100E /* Main.storyboard in Resources */,
			);
			runOnlyForDeploymentPostprocessing = 0;
		};
		771AAA64225A17F200CD100E /* Resources */ = {
			isa = PBXResourcesBuildPhase;
			buildActionMask = 2147483647;
			files = (
			);
			runOnlyForDeploymentPostprocessing = 0;
		};
		771AAA6F225A17F200CD100E /* Resources */ = {
			isa = PBXResourcesBuildPhase;
			buildActionMask = 2147483647;
			files = (
			);
			runOnlyForDeploymentPostprocessing = 0;
		};
/* End PBXResourcesBuildPhase section */

/* Begin PBXSourcesBuildPhase section */
		771AAA4E225A17F100CD100E /* Sources */ = {
			isa = PBXSourcesBuildPhase;
			buildActionMask = 2147483647;
			files = (
				771AAA8B225A1B9700CD100E /* EmptyTabViewController.swift in Sources */,
				771AAA84225A1B1100CD100E /* FeedViewController.swift in Sources */,
				771AAA56225A17F100CD100E /* AppDelegate.swift in Sources */,
				771AAA86225A1B1F00CD100E /* InboxViewController.swift in Sources */,
			);
			runOnlyForDeploymentPostprocessing = 0;
		};
		771AAA62225A17F200CD100E /* Sources */ = {
			isa = PBXSourcesBuildPhase;
			buildActionMask = 2147483647;
			files = (
				771AAA6B225A17F200CD100E /* EmptyTabsTests.swift in Sources */,
			);
			runOnlyForDeploymentPostprocessing = 0;
		};
		771AAA6D225A17F200CD100E /* Sources */ = {
			isa = PBXSourcesBuildPhase;
			buildActionMask = 2147483647;
			files = (
				771AAA76225A17F200CD100E /* EmptyTabsUITests.swift in Sources */,
			);
			runOnlyForDeploymentPostprocessing = 0;
		};
/* End PBXSourcesBuildPhase section */

/* Begin PBXTargetDependency section */
		771AAA68225A17F200CD100E /* PBXTargetDependency */ = {
			isa = PBXTargetDependency;
			target = 771AAA51225A17F100CD100E /* EmptyTabs */;
			targetProxy = 771AAA67225A17F200CD100E /* PBXContainerItemProxy */;
		};
		771AAA73225A17F200CD100E /* PBXTargetDependency */ = {
			isa = PBXTargetDependency;
			target = 771AAA51225A17F100CD100E /* EmptyTabs */;
			targetProxy = 771AAA72225A17F200CD100E /* PBXContainerItemProxy */;
		};
/* End PBXTargetDependency section */

/* Begin PBXVariantGroup section */
		771AAA59225A17F100CD100E /* Main.storyboard */ = {
			isa = PBXVariantGroup;
			children = (
				771AAA5A225A17F100CD100E /* Base */,
			);
			name = Main.storyboard;
			sourceTree = "<group>";
		};
		771AAA5E225A17F200CD100E /* LaunchScreen.storyboard */ = {
			isa = PBXVariantGroup;
			children = (
				771AAA5F225A17F200CD100E /* Base */,
			);
			name = LaunchScreen.storyboard;
			sourceTree = "<group>";
		};
/* End PBXVariantGroup section */

/* Begin XCBuildConfiguration section */
		771AAA78225A17F200CD100E /* Debug */ = {
			isa = XCBuildConfiguration;
			buildSettings = {
				ALWAYS_SEARCH_USER_PATHS = NO;
				CLANG_ANALYZER_NONNULL = YES;
				CLANG_ANALYZER_NUMBER_OBJECT_CONVERSION = YES_AGGRESSIVE;
				CLANG_CXX_LANGUAGE_STANDARD = "gnu++14";
				CLANG_CXX_LIBRARY = "libc++";
				CLANG_ENABLE_MODULES = YES;
				CLANG_ENABLE_OBJC_ARC = YES;
				CLANG_ENABLE_OBJC_WEAK = YES;
				CLANG_WARN_BLOCK_CAPTURE_AUTORELEASING = YES;
				CLANG_WARN_BOOL_CONVERSION = YES;
				CLANG_WARN_COMMA = YES;
				CLANG_WARN_CONSTANT_CONVERSION = YES;
				CLANG_WARN_DEPRECATED_OBJC_IMPLEMENTATIONS = YES;
				CLANG_WARN_DIRECT_OBJC_ISA_USAGE = YES_ERROR;
				CLANG_WARN_DOCUMENTATION_COMMENTS = YES;
				CLANG_WARN_EMPTY_BODY = YES;
				CLANG_WARN_ENUM_CONVERSION = YES;
				CLANG_WARN_INFINITE_RECURSION = YES;
				CLANG_WARN_INT_CONVERSION = YES;
				CLANG_WARN_NON_LITERAL_NULL_CONVERSION = YES;
				CLANG_WARN_OBJC_IMPLICIT_RETAIN_SELF = YES;
				CLANG_WARN_OBJC_LITERAL_CONVERSION = YES;
				CLANG_WARN_OBJC_ROOT_CLASS = YES_ERROR;
				CLANG_WARN_RANGE_LOOP_ANALYSIS = YES;
				CLANG_WARN_STRICT_PROTOTYPES = YES;
				CLANG_WARN_SUSPICIOUS_MOVE = YES;
				CLANG_WARN_UNGUARDED_AVAILABILITY = YES_AGGRESSIVE;
				CLANG_WARN_UNREACHABLE_CODE = YES;
				CLANG_WARN__DUPLICATE_METHOD_MATCH = YES;
				CODE_SIGN_IDENTITY = "iPhone Developer";
				COPY_PHASE_STRIP = NO;
				DEBUG_INFORMATION_FORMAT = dwarf;
				ENABLE_STRICT_OBJC_MSGSEND = YES;
				ENABLE_TESTABILITY = YES;
				GCC_C_LANGUAGE_STANDARD = gnu11;
				GCC_DYNAMIC_NO_PIC = NO;
				GCC_NO_COMMON_BLOCKS = YES;
				GCC_OPTIMIZATION_LEVEL = 0;
				GCC_PREPROCESSOR_DEFINITIONS = (
					"DEBUG=1",
					"$(inherited)",
				);
				GCC_WARN_64_TO_32_BIT_CONVERSION = YES;
				GCC_WARN_ABOUT_RETURN_TYPE = YES_ERROR;
				GCC_WARN_UNDECLARED_SELECTOR = YES;
				GCC_WARN_UNINITIALIZED_AUTOS = YES_AGGRESSIVE;
				GCC_WARN_UNUSED_FUNCTION = YES;
				GCC_WARN_UNUSED_VARIABLE = YES;
				IPHONEOS_DEPLOYMENT_TARGET = 12.2;
				MTL_ENABLE_DEBUG_INFO = INCLUDE_SOURCE;
				MTL_FAST_MATH = YES;
				ONLY_ACTIVE_ARCH = YES;
				SDKROOT = iphoneos;
				SWIFT_ACTIVE_COMPILATION_CONDITIONS = DEBUG;
				SWIFT_OPTIMIZATION_LEVEL = "-Onone";
			};
			name = Debug;
		};
		771AAA79225A17F200CD100E /* Release */ = {
			isa = XCBuildConfiguration;
			buildSettings = {
				ALWAYS_SEARCH_USER_PATHS = NO;
				CLANG_ANALYZER_NONNULL = YES;
				CLANG_ANALYZER_NUMBER_OBJECT_CONVERSION = YES_AGGRESSIVE;
				CLANG_CXX_LANGUAGE_STANDARD = "gnu++14";
				CLANG_CXX_LIBRARY = "libc++";
				CLANG_ENABLE_MODULES = YES;
				CLANG_ENABLE_OBJC_ARC = YES;
				CLANG_ENABLE_OBJC_WEAK = YES;
				CLANG_WARN_BLOCK_CAPTURE_AUTORELEASING = YES;
				CLANG_WARN_BOOL_CONVERSION = YES;
				CLANG_WARN_COMMA = YES;
				CLANG_WARN_CONSTANT_CONVERSION = YES;
				CLANG_WARN_DEPRECATED_OBJC_IMPLEMENTATIONS = YES;
				CLANG_WARN_DIRECT_OBJC_ISA_USAGE = YES_ERROR;
				CLANG_WARN_DOCUMENTATION_COMMENTS = YES;
				CLANG_WARN_EMPTY_BODY = YES;
				CLANG_WARN_ENUM_CONVERSION = YES;
				CLANG_WARN_INFINITE_RECURSION = YES;
				CLANG_WARN_INT_CONVERSION = YES;
				CLANG_WARN_NON_LITERAL_NULL_CONVERSION = YES;
				CLANG_WARN_OBJC_IMPLICIT_RETAIN_SELF = YES;
				CLANG_WARN_OBJC_LITERAL_CONVERSION = YES;
				CLANG_WARN_OBJC_ROOT_CLASS = YES_ERROR;
				CLANG_WARN_RANGE_LOOP_ANALYSIS = YES;
				CLANG_WARN_STRICT_PROTOTYPES = YES;
				CLANG_WARN_SUSPICIOUS_MOVE = YES;
				CLANG_WARN_UNGUARDED_AVAILABILITY = YES_AGGRESSIVE;
				CLANG_WARN_UNREACHABLE_CODE = YES;
				CLANG_WARN__DUPLICATE_METHOD_MATCH = YES;
				CODE_SIGN_IDENTITY = "iPhone Developer";
				COPY_PHASE_STRIP = NO;
				DEBUG_INFORMATION_FORMAT = "dwarf-with-dsym";
				ENABLE_NS_ASSERTIONS = NO;
				ENABLE_STRICT_OBJC_MSGSEND = YES;
				GCC_C_LANGUAGE_STANDARD = gnu11;
				GCC_NO_COMMON_BLOCKS = YES;
				GCC_WARN_64_TO_32_BIT_CONVERSION = YES;
				GCC_WARN_ABOUT_RETURN_TYPE = YES_ERROR;
				GCC_WARN_UNDECLARED_SELECTOR = YES;
				GCC_WARN_UNINITIALIZED_AUTOS = YES_AGGRESSIVE;
				GCC_WARN_UNUSED_FUNCTION = YES;
				GCC_WARN_UNUSED_VARIABLE = YES;
				IPHONEOS_DEPLOYMENT_TARGET = 12.2;
				MTL_ENABLE_DEBUG_INFO = NO;
				MTL_FAST_MATH = YES;
				SDKROOT = iphoneos;
				SWIFT_COMPILATION_MODE = wholemodule;
				SWIFT_OPTIMIZATION_LEVEL = "-O";
				VALIDATE_PRODUCT = YES;
			};
			name = Release;
		};
		771AAA7B225A17F200CD100E /* Debug */ = {
			isa = XCBuildConfiguration;
			buildSettings = {
				ASSETCATALOG_COMPILER_APPICON_NAME = AppIcon;
				CODE_SIGN_STYLE = Automatic;
				DEVELOPMENT_TEAM = 7JBDG9C93S;
				INFOPLIST_FILE = EmptyTabs/Info.plist;
				LD_RUNPATH_SEARCH_PATHS = (
					"$(inherited)",
					"@executable_path/Frameworks",
				);
				PRODUCT_BUNDLE_IDENTIFIER = me.hackp93.EmptyTabs;
				PRODUCT_NAME = "$(TARGET_NAME)";
				SWIFT_VERSION = 5.0;
				TARGETED_DEVICE_FAMILY = "1,2";
			};
			name = Debug;
		};
		771AAA7C225A17F200CD100E /* Release */ = {
			isa = XCBuildConfiguration;
			buildSettings = {
				ASSETCATALOG_COMPILER_APPICON_NAME = AppIcon;
				CODE_SIGN_STYLE = Automatic;
				DEVELOPMENT_TEAM = 7JBDG9C93S;
				INFOPLIST_FILE = EmptyTabs/Info.plist;
				LD_RUNPATH_SEARCH_PATHS = (
					"$(inherited)",
					"@executable_path/Frameworks",
				);
				PRODUCT_BUNDLE_IDENTIFIER = me.hackp93.EmptyTabs;
				PRODUCT_NAME = "$(TARGET_NAME)";
				SWIFT_VERSION = 5.0;
				TARGETED_DEVICE_FAMILY = "1,2";
			};
			name = Release;
		};
		771AAA7E225A17F200CD100E /* Debug */ = {
			isa = XCBuildConfiguration;
			buildSettings = {
				ALWAYS_EMBED_SWIFT_STANDARD_LIBRARIES = YES;
				BUNDLE_LOADER = "$(TEST_HOST)";
				CODE_SIGN_STYLE = Automatic;
				DEVELOPMENT_TEAM = 7JBDG9C93S;
				INFOPLIST_FILE = EmptyTabsTests/Info.plist;
				LD_RUNPATH_SEARCH_PATHS = (
					"$(inherited)",
					"@executable_path/Frameworks",
					"@loader_path/Frameworks",
				);
				PRODUCT_BUNDLE_IDENTIFIER = me.hackp93.EmptyTabsTests;
				PRODUCT_NAME = "$(TARGET_NAME)";
				SWIFT_VERSION = 5.0;
				TARGETED_DEVICE_FAMILY = "1,2";
				TEST_HOST = "$(BUILT_PRODUCTS_DIR)/EmptyTabs.app/EmptyTabs";
			};
			name = Debug;
		};
		771AAA7F225A17F200CD100E /* Release */ = {
			isa = XCBuildConfiguration;
			buildSettings = {
				ALWAYS_EMBED_SWIFT_STANDARD_LIBRARIES = YES;
				BUNDLE_LOADER = "$(TEST_HOST)";
				CODE_SIGN_STYLE = Automatic;
				DEVELOPMENT_TEAM = 7JBDG9C93S;
				INFOPLIST_FILE = EmptyTabsTests/Info.plist;
				LD_RUNPATH_SEARCH_PATHS = (
					"$(inherited)",
					"@executable_path/Frameworks",
					"@loader_path/Frameworks",
				);
				PRODUCT_BUNDLE_IDENTIFIER = me.hackp93.EmptyTabsTests;
				PRODUCT_NAME = "$(TARGET_NAME)";
				SWIFT_VERSION = 5.0;
				TARGETED_DEVICE_FAMILY = "1,2";
				TEST_HOST = "$(BUILT_PRODUCTS_DIR)/EmptyTabs.app/EmptyTabs";
			};
			name = Release;
		};
		771AAA81225A17F200CD100E /* Debug */ = {
			isa = XCBuildConfiguration;
			buildSettings = {
				ALWAYS_EMBED_SWIFT_STANDARD_LIBRARIES = YES;
				CODE_SIGN_STYLE = Automatic;
				DEVELOPMENT_TEAM = 7JBDG9C93S;
				INFOPLIST_FILE = EmptyTabsUITests/Info.plist;
				LD_RUNPATH_SEARCH_PATHS = (
					"$(inherited)",
					"@executable_path/Frameworks",
					"@loader_path/Frameworks",
				);
				PRODUCT_BUNDLE_IDENTIFIER = me.hackp93.EmptyTabsUITests;
				PRODUCT_NAME = "$(TARGET_NAME)";
				SWIFT_VERSION = 5.0;
				TARGETED_DEVICE_FAMILY = "1,2";
				TEST_TARGET_NAME = EmptyTabs;
			};
			name = Debug;
		};
		771AAA82225A17F200CD100E /* Release */ = {
			isa = XCBuildConfiguration;
			buildSettings = {
				ALWAYS_EMBED_SWIFT_STANDARD_LIBRARIES = YES;
				CODE_SIGN_STYLE = Automatic;
				DEVELOPMENT_TEAM = 7JBDG9C93S;
				INFOPLIST_FILE = EmptyTabsUITests/Info.plist;
				LD_RUNPATH_SEARCH_PATHS = (
					"$(inherited)",
					"@executable_path/Frameworks",
					"@loader_path/Frameworks",
				);
				PRODUCT_BUNDLE_IDENTIFIER = me.hackp93.EmptyTabsUITests;
				PRODUCT_NAME = "$(TARGET_NAME)";
				SWIFT_VERSION = 5.0;
				TARGETED_DEVICE_FAMILY = "1,2";
				TEST_TARGET_NAME = EmptyTabs;
			};
			name = Release;
		};
/* End XCBuildConfiguration section */

/* Begin XCConfigurationList section */
		771AAA4D225A17F100CD100E /* Build configuration list for PBXProject "EmptyTabs" */ = {
			isa = XCConfigurationList;
			buildConfigurations = (
				771AAA78225A17F200CD100E /* Debug */,
				771AAA79225A17F200CD100E /* Release */,
			);
			defaultConfigurationIsVisible = 0;
			defaultConfigurationName = Release;
		};
		771AAA7A225A17F200CD100E /* Build configuration list for PBXNativeTarget "EmptyTabs" */ = {
			isa = XCConfigurationList;
			buildConfigurations = (
				771AAA7B225A17F200CD100E /* Debug */,
				771AAA7C225A17F200CD100E /* Release */,
			);
			defaultConfigurationIsVisible = 0;
			defaultConfigurationName = Release;
		};
		771AAA7D225A17F200CD100E /* Build configuration list for PBXNativeTarget "EmptyTabsTests" */ = {
			isa = XCConfigurationList;
			buildConfigurations = (
				771AAA7E225A17F200CD100E /* Debug */,
				771AAA7F225A17F200CD100E /* Release */,
			);
			defaultConfigurationIsVisible = 0;
			defaultConfigurationName = Release;
		};
		771AAA80225A17F200CD100E /* Build configuration list for PBXNativeTarget "EmptyTabsUITests" */ = {
			isa = XCConfigurationList;
			buildConfigurations = (
				771AAA81225A17F200CD100E /* Debug */,
				771AAA82225A17F200CD100E /* Release */,
			);
			defaultConfigurationIsVisible = 0;
			defaultConfigurationName = Release;
		};
/* End XCConfigurationList section */
	};
	rootObject = 771AAA4A225A17F100CD100E /* Project object */;
}
